
Microsoft Visual Studio Solution File, Format Version 12.00
# Visual Studio Version 17
VisualStudioVersion = 17.10.35027.167
MinimumVisualStudioVersion = 10.0.40219.1
Project("{FAE04EC0-301F-11D3-BF4B-00C04F79EFBC}") = "SimpleQuiz", "SimpleQuiz\SimpleQuiz.csproj", "{4D09DB27-7763-4765-83C4-74007F7300BC}"
EndProject
Global
	GlobalSection(SolutionConfigurationPlatforms) = preSolution
		Debug|Any CPU = Debug|Any CPU
		Release|Any CPU = Release|Any CPU
	EndGlobalSection
	GlobalSection(ProjectConfigurationPlatforms) = postSolution
		{4D09DB27-7763-4765-83C4-74007F7300BC}.Debug|Any CPU.ActiveCfg = Debug|Any CPU
		{4D09DB27-7763-4765-83C4-74007F7300BC}.Debug|Any CPU.Build.0 = Debug|Any CPU
		{4D09DB27-7763-4765-83C4-74007F7300BC}.Release|Any CPU.ActiveCfg = Release|Any CPU
		{4D09DB27-7763-4765-83C4-74007F7300BC}.Release|Any CPU.Build.0 = Release|Any CPU
	EndGlobalSection
	GlobalSection(SolutionProperties) = preSolution
		HideSolutionNode = FALSE
	EndGlobalSection
	GlobalSection(ExtensibilityGlobals) = postSolution
		SolutionGuid = {8E7F1F06-A009-47FD-A2E2-3BE7B1314766}
	EndGlobalSection
EndGlobal
